
Microsoft Visual Studio Solution File, Format Version 12.00
# Visual Studio Version 17
VisualStudioVersion = 17.12.35527.113 d17.12
MinimumVisualStudioVersion = 10.0.40219.1
Project("{FAE04EC0-301F-11D3-BF4B-00C04F79EFBC}") = "Bonus_Proje1", "Bonus_Proje1\Bonus_Proje1.csproj", "{61AB19C6-6139-456D-B316-E50E8665FA43}"
EndProject
Global
	GlobalSection(SolutionConfigurationPlatforms) = preSolution
		Debug|Any CPU = Debug|Any CPU
		Release|Any CPU = Release|Any CPU
	EndGlobalSection
	GlobalSection(ProjectConfigurationPlatforms) = postSolution
		{61AB19C6-6139-456D-B316-E50E8665FA43}.Debug|Any CPU.ActiveCfg = Debug|Any CPU
		{61AB19C6-6139-456D-B316-E50E8665FA43}.Debug|Any CPU.Build.0 = Debug|Any CPU
		{61AB19C6-6139-456D-B316-E50E8665FA43}.Release|Any CPU.ActiveCfg = Release|Any CPU
		{61AB19C6-6139-456D-B316-E50E8665FA43}.Release|Any CPU.Build.0 = Release|Any CPU
	EndGlobalSection
	GlobalSection(SolutionProperties) = preSolution
		HideSolutionNode = FALSE
	EndGlobalSection
EndGlobal
